
Microsoft Visual Studio Solution File, Format Version 12.00
# Visual Studio Version 17
VisualStudioVersion = 17.8.34525.116
MinimumVisualStudioVersion = 10.0.40219.1
Project("{888888A0-9F3D-457C-B088-3A5042F75D52}") = "Kuldvillak", "Kuldvillak\Kuldvillak.pyproj", "{977CA550-0DA8-4B6F-91AE-BF6615AD39C7}"
EndProject
Project("{2150E333-8FDC-42A3-9474-1A3956D46DE8}") = "Solution Items", "Solution Items", "{48B59D16-5554-40E1-9201-6550F6E820A8}"
	ProjectSection(SolutionItems) = preProject
		setup_db.py = setup_db.py
	EndProjectSection
EndProject
Global
	GlobalSection(SolutionConfigurationPlatforms) = preSolution
		Debug|Any CPU = Debug|Any CPU
		Release|Any CPU = Release|Any CPU
	EndGlobalSection
	GlobalSection(ProjectConfigurationPlatforms) = postSolution
		{977CA550-0DA8-4B6F-91AE-BF6615AD39C7}.Debug|Any CPU.ActiveCfg = Debug|Any CPU
		{977CA550-0DA8-4B6F-91AE-BF6615AD39C7}.Release|Any CPU.ActiveCfg = Release|Any CPU
	EndGlobalSection
	GlobalSection(SolutionProperties) = preSolution
		HideSolutionNode = FALSE
	EndGlobalSection
	GlobalSection(ExtensibilityGlobals) = postSolution
		SolutionGuid = {EF0BA012-E0A0-4437-85A4-FBA6070B8871}
	EndGlobalSection
EndGlobal
